// !$*UTF8*$!
{
	archiveVersion = 1;
	classes = {
	};
	objectVersion = 51;
	objects = {

/* Begin PBXBuildFile section */
		5A209E1423CF35B600693365 /* DBManager.swift in Sources */ = {isa = PBXBuildFile; fileRef = 5A209E1323CF35B600693365 /* DBManager.swift */; };
		5A209E1623D0484200693365 /* PictireCell.swift in Sources */ = {isa = PBXBuildFile; fileRef = 5A209E1523D0484200693365 /* PictireCell.swift */; };
		5A49142723CEC539003B794A /* AppDelegate.swift in Sources */ = {isa = PBXBuildFile; fileRef = 5A49142623CEC539003B794A /* AppDelegate.swift */; };
		5A49142C23CEC539003B794A /* Main.storyboard in Resources */ = {isa = PBXBuildFile; fileRef = 5A49142A23CEC539003B794A /* Main.storyboard */; };
		5A49142E23CEC53C003B794A /* Assets.xcassets in Resources */ = {isa = PBXBuildFile; fileRef = 5A49142D23CEC53C003B794A /* Assets.xcassets */; };
		5A49143123CEC53C003B794A /* LaunchScreen.storyboard in Resources */ = {isa = PBXBuildFile; fileRef = 5A49142F23CEC53C003B794A /* LaunchScreen.storyboard */; };
		5A49143D23CEC665003B794A /* PicturesTableViewController.swift in Sources */ = {isa = PBXBuildFile; fileRef = 5A49143C23CEC665003B794A /* PicturesTableViewController.swift */; };
		5A49143F23CEC68F003B794A /* AddPucturesViewController.swift in Sources */ = {isa = PBXBuildFile; fileRef = 5A49143E23CEC68F003B794A /* AddPucturesViewController.swift */; };
		5A49144123CEC926003B794A /* Network.swift in Sources */ = {isa = PBXBuildFile; fileRef = 5A49144023CEC926003B794A /* Network.swift */; };
		5A49144323CF15A1003B794A /* ImageModel.swift in Sources */ = {isa = PBXBuildFile; fileRef = 5A49144223CF15A1003B794A /* ImageModel.swift */; };
		ABF6898F30853AEB330282B0 /* Pods_TestPicturesYandex.framework in Frameworks */ = {isa = PBXBuildFile; fileRef = 019E6B74E570077EF22366E0 /* Pods_TestPicturesYandex.framework */; };
/* End PBXBuildFile section */

/* Begin PBXFileReference section */
		019E6B74E570077EF22366E0 /* Pods_TestPicturesYandex.framework */ = {isa = PBXFileReference; explicitFileType = wrapper.framework; includeInIndex = 0; path = Pods_TestPicturesYandex.framework; sourceTree = BUILT_PRODUCTS_DIR; };
		36F24031D7EE9A56F9B5A04B /* Pods-TestPicturesYandex.debug.xcconfig */ = {isa = PBXFileReference; includeInIndex = 1; lastKnownFileType = text.xcconfig; name = "Pods-TestPicturesYandex.debug.xcconfig"; path = "Target Support Files/Pods-TestPicturesYandex/Pods-TestPicturesYandex.debug.xcconfig"; sourceTree = "<group>"; };
		5A209E1323CF35B600693365 /* DBManager.swift */ = {isa = PBXFileReference; lastKnownFileType = sourcecode.swift; path = DBManager.swift; sourceTree = "<group>"; };
		5A209E1523D0484200693365 /* PictireCell.swift */ = {isa = PBXFileReference; lastKnownFileType = sourcecode.swift; path = PictireCell.swift; sourceTree = "<group>"; };
		5A49142323CEC539003B794A /* TestPicturesYandex.app */ = {isa = PBXFileReference; explicitFileType = wrapper.application; includeInIndex = 0; path = TestPicturesYandex.app; sourceTree = BUILT_PRODUCTS_DIR; };
		5A49142623CEC539003B794A /* AppDelegate.swift */ = {isa = PBXFileReference; lastKnownFileType = sourcecode.swift; path = AppDelegate.swift; sourceTree = "<group>"; };
		5A49142B23CEC539003B794A /* Base */ = {isa = PBXFileReference; lastKnownFileType = file.storyboard; name = Base; path = Base.lproj/Main.storyboard; sourceTree = "<group>"; };
		5A49142D23CEC53C003B794A /* Assets.xcassets */ = {isa = PBXFileReference; lastKnownFileType = folder.assetcatalog; path = Assets.xcassets; sourceTree = "<group>"; };
		5A49143023CEC53C003B794A /* Base */ = {isa = PBXFileReference; lastKnownFileType = file.storyboard; name = Base; path = Base.lproj/LaunchScreen.storyboard; sourceTree = "<group>"; };
		5A49143223CEC53C003B794A /* Info.plist */ = {isa = PBXFileReference; lastKnownFileType = text.plist.xml; path = Info.plist; sourceTree = "<group>"; };
		5A49143C23CEC665003B794A /* PicturesTableViewController.swift */ = {isa = PBXFileReference; lastKnownFileType = sourcecode.swift; path = PicturesTableViewController.swift; sourceTree = "<group>"; };
		5A49143E23CEC68F003B794A /* AddPucturesViewController.swift */ = {isa = PBXFileReference; lastKnownFileType = sourcecode.swift; path = AddPucturesViewController.swift; sourceTree = "<group>"; };
		5A49144023CEC926003B794A /* Network.swift */ = {isa = PBXFileReference; lastKnownFileType = sourcecode.swift; path = Network.swift; sourceTree = "<group>"; };
		5A49144223CF15A1003B794A /* ImageModel.swift */ = {isa = PBXFileReference; lastKnownFileType = sourcecode.swift; path = ImageModel.swift; sourceTree = "<group>"; };
		7F1714BC6C5E907CB81FDF86 /* Pods-TestPicturesYandex.release.xcconfig */ = {isa = PBXFileReference; includeInIndex = 1; lastKnownFileType = text.xcconfig; name = "Pods-TestPicturesYandex.release.xcconfig"; path = "Target Support Files/Pods-TestPicturesYandex/Pods-TestPicturesYandex.release.xcconfig"; sourceTree = "<group>"; };
/* End PBXFileReference section */

/* Begin PBXFrameworksBuildPhase section */
		5A49142023CEC539003B794A /* Frameworks */ = {
			isa = PBXFrameworksBuildPhase;
			buildActionMask = 2147483647;
			files = (
				ABF6898F30853AEB330282B0 /* Pods_TestPicturesYandex.framework in Frameworks */,
			);
			runOnlyForDeploymentPostprocessing = 0;
		};
/* End PBXFrameworksBuildPhase section */

/* Begin PBXGroup section */
		001D013BF2DBA6D5E97C4F8F /* Pods */ = {
			isa = PBXGroup;
			children = (
				36F24031D7EE9A56F9B5A04B /* Pods-TestPicturesYandex.debug.xcconfig */,
				7F1714BC6C5E907CB81FDF86 /* Pods-TestPicturesYandex.release.xcconfig */,
			);
			path = Pods;
			sourceTree = "<group>";
		};
		5A49141A23CEC539003B794A = {
			isa = PBXGroup;
			children = (
				5A49142523CEC539003B794A /* TestPicturesYandex */,
				5A49142423CEC539003B794A /* Products */,
				001D013BF2DBA6D5E97C4F8F /* Pods */,
				78538BF0E1AF609D9BCBC737 /* Frameworks */,
			);
			sourceTree = "<group>";
		};
		5A49142423CEC539003B794A /* Products */ = {
			isa = PBXGroup;
			children = (
				5A49142323CEC539003B794A /* TestPicturesYandex.app */,
			);
			name = Products;
			sourceTree = "<group>";
		};
		5A49142523CEC539003B794A /* TestPicturesYandex */ = {
			isa = PBXGroup;
			children = (
				5A49143B23CEC574003B794A /* Networking */,
				5A49143A23CEC561003B794A /* ViewController */,
				5A49143823CEC54E003B794A /* Model */,
				5A49142623CEC539003B794A /* AppDelegate.swift */,
				5A49142A23CEC539003B794A /* Main.storyboard */,
				5A49142D23CEC53C003B794A /* Assets.xcassets */,
				5A49142F23CEC53C003B794A /* LaunchScreen.storyboard */,
				5A49143223CEC53C003B794A /* Info.plist */,
				5A209E1323CF35B600693365 /* DBManager.swift */,
			);
			path = TestPicturesYandex;
			sourceTree = "<group>";
		};
		5A49143823CEC54E003B794A /* Model */ = {
			isa = PBXGroup;
			children = (
				5A49144223CF15A1003B794A /* ImageModel.swift */,
			);
			path = Model;
			sourceTree = "<group>";
		};
		5A49143A23CEC561003B794A /* ViewController */ = {
			isa = PBXGroup;
			children = (
				5A49143C23CEC665003B794A /* PicturesTableViewController.swift */,
				5A209E1523D0484200693365 /* PictireCell.swift */,
				5A49143E23CEC68F003B794A /* AddPucturesViewController.swift */,
			);
			path = ViewController;
			sourceTree = "<group>";
		};
		5A49143B23CEC574003B794A /* Networking */ = {
			isa = PBXGroup;
			children = (
				5A49144023CEC926003B794A /* Network.swift */,
			);
			path = Networking;
			sourceTree = "<group>";
		};
		78538BF0E1AF609D9BCBC737 /* Frameworks */ = {
			isa = PBXGroup;
			children = (
				019E6B74E570077EF22366E0 /* Pods_TestPicturesYandex.framework */,
			);
			name = Frameworks;
			sourceTree = "<group>";
		};
/* End PBXGroup section */

/* Begin PBXNativeTarget section */
		5A49142223CEC539003B794A /* TestPicturesYandex */ = {
			isa = PBXNativeTarget;
			buildConfigurationList = 5A49143523CEC53C003B794A /* Build configuration list for PBXNativeTarget "TestPicturesYandex" */;
			buildPhases = (
				9AA2B49D7C5EDFFBE7A91547 /* [CP] Check Pods Manifest.lock */,
				5A49141F23CEC539003B794A /* Sources */,
				5A49142023CEC539003B794A /* Frameworks */,
				5A49142123CEC539003B794A /* Resources */,
				B7058229AD925A90C7F94CB0 /* [CP] Embed Pods Frameworks */,
			);
			buildRules = (
			);
			dependencies = (
			);
			name = TestPicturesYandex;
			productName = TestPicturesYandex;
			productReference = 5A49142323CEC539003B794A /* TestPicturesYandex.app */;
			productType = "com.apple.product-type.application";
		};
/* End PBXNativeTarget section */

/* Begin PBXProject section */
		5A49141B23CEC539003B794A /* Project object */ = {
			isa = PBXProject;
			attributes = {
				LastSwiftUpdateCheck = 1020;
				LastUpgradeCheck = 1020;
				ORGANIZATIONNAME = "Вадим Пустовойтов";
				TargetAttributes = {
					5A49142223CEC539003B794A = {
						CreatedOnToolsVersion = 10.2.1;
					};
				};
			};
			buildConfigurationList = 5A49141E23CEC539003B794A /* Build configuration list for PBXProject "TestPicturesYandex" */;
			compatibilityVersion = "Xcode 9.3";
			developmentRegion = en;
			hasScannedForEncodings = 0;
			knownRegions = (
				en,
				Base,
			);
			mainGroup = 5A49141A23CEC539003B794A;
			productRefGroup = 5A49142423CEC539003B794A /* Products */;
			projectDirPath = "";
			projectRoot = "";
			targets = (
				5A49142223CEC539003B794A /* TestPicturesYandex */,
			);
		};
/* End PBXProject section */

/* Begin PBXResourcesBuildPhase section */
		5A49142123CEC539003B794A /* Resources */ = {
			isa = PBXResourcesBuildPhase;
			buildActionMask = 2147483647;
			files = (
				5A49143123CEC53C003B794A /* LaunchScreen.storyboard in Resources */,
				5A49142E23CEC53C003B794A /* Assets.xcassets in Resources */,
				5A49142C23CEC539003B794A /* Main.storyboard in Resources */,
			);
			runOnlyForDeploymentPostprocessing = 0;
		};
/* End PBXResourcesBuildPhase section */

/* Begin PBXShellScriptBuildPhase section */
		9AA2B49D7C5EDFFBE7A91547 /* [CP] Check Pods Manifest.lock */ = {
			isa = PBXShellScriptBuildPhase;
			buildActionMask = 2147483647;
			files = (
			);
			inputFileListPaths = (
			);
			inputPaths = (
				"${PODS_PODFILE_DIR_PATH}/Podfile.lock",
				"${PODS_ROOT}/Manifest.lock",
			);
			name = "[CP] Check Pods Manifest.lock";
			outputFileListPaths = (
			);
			outputPaths = (
				"$(DERIVED_FILE_DIR)/Pods-TestPicturesYandex-checkManifestLockResult.txt",
			);
			runOnlyForDeploymentPostprocessing = 0;
			shellPath = /bin/sh;
			shellScript = "diff \"${PODS_PODFILE_DIR_PATH}/Podfile.lock\" \"${PODS_ROOT}/Manifest.lock\" > /dev/null\nif [ $? != 0 ] ; then\n    # print error to STDERR\n    echo \"error: The sandbox is not in sync with the Podfile.lock. Run 'pod install' or update your CocoaPods installation.\" >&2\n    exit 1\nfi\n# This output is used by Xcode 'outputs' to avoid re-running this script phase.\necho \"SUCCESS\" > \"${SCRIPT_OUTPUT_FILE_0}\"\n";
			showEnvVarsInLog = 0;
		};
		B7058229AD925A90C7F94CB0 /* [CP] Embed Pods Frameworks */ = {
			isa = PBXShellScriptBuildPhase;
			buildActionMask = 2147483647;
			files = (
			);
			inputFileListPaths = (
				"${PODS_ROOT}/Target Support Files/Pods-TestPicturesYandex/Pods-TestPicturesYandex-frameworks-${CONFIGURATION}-input-files.xcfilelist",
			);
			name = "[CP] Embed Pods Frameworks";
			outputFileListPaths = (
				"${PODS_ROOT}/Target Support Files/Pods-TestPicturesYandex/Pods-TestPicturesYandex-frameworks-${CONFIGURATION}-output-files.xcfilelist",
			);
			runOnlyForDeploymentPostprocessing = 0;
			shellPath = /bin/sh;
			shellScript = "\"${PODS_ROOT}/Target Support Files/Pods-TestPicturesYandex/Pods-TestPicturesYandex-frameworks.sh\"\n";
			showEnvVarsInLog = 0;
		};
/* End PBXShellScriptBuildPhase section */

/* Begin PBXSourcesBuildPhase section */
		5A49141F23CEC539003B794A /* Sources */ = {
			isa = PBXSourcesBuildPhase;
			buildActionMask = 2147483647;
			files = (
				5A209E1623D0484200693365 /* PictireCell.swift in Sources */,
				5A49144323CF15A1003B794A /* ImageModel.swift in Sources */,
				5A209E1423CF35B600693365 /* DBManager.swift in Sources */,
				5A49143D23CEC665003B794A /* PicturesTableViewController.swift in Sources */,
				5A49142723CEC539003B794A /* AppDelegate.swift in Sources */,
				5A49144123CEC926003B794A /* Network.swift in Sources */,
				5A49143F23CEC68F003B794A /* AddPucturesViewController.swift in Sources */,
			);
			runOnlyForDeploymentPostprocessing = 0;
		};
/* End PBXSourcesBuildPhase section */

/* Begin PBXVariantGroup section */
		5A49142A23CEC539003B794A /* Main.storyboard */ = {
			isa = PBXVariantGroup;
			children = (
				5A49142B23CEC539003B794A /* Base */,
			);
			name = Main.storyboard;
			sourceTree = "<group>";
		};
		5A49142F23CEC53C003B794A /* LaunchScreen.storyboard */ = {
			isa = PBXVariantGroup;
			children = (
				5A49143023CEC53C003B794A /* Base */,
			);
			name = LaunchScreen.storyboard;
			sourceTree = "<group>";
		};
/* End PBXVariantGroup section */

/* Begin XCBuildConfiguration section */
		5A49143323CEC53C003B794A /* Debug */ = {
			isa = XCBuildConfiguration;
			buildSettings = {
				ALWAYS_SEARCH_USER_PATHS = NO;
				CLANG_ANALYZER_NONNULL = YES;
				CLANG_ANALYZER_NUMBER_OBJECT_CONVERSION = YES_AGGRESSIVE;
				CLANG_CXX_LANGUAGE_STANDARD = "gnu++14";
				CLANG_CXX_LIBRARY = "libc++";
				CLANG_ENABLE_MODULES = YES;
				CLANG_ENABLE_OBJC_ARC = YES;
				CLANG_ENABLE_OBJC_WEAK = YES;
				CLANG_WARN_BLOCK_CAPTURE_AUTORELEASING = YES;
				CLANG_WARN_BOOL_CONVERSION = YES;
				CLANG_WARN_COMMA = YES;
				CLANG_WARN_CONSTANT_CONVERSION = YES;
				CLANG_WARN_DEPRECATED_OBJC_IMPLEMENTATIONS = YES;
				CLANG_WARN_DIRECT_OBJC_ISA_USAGE = YES_ERROR;
				CLANG_WARN_DOCUMENTATION_COMMENTS = YES;
				CLANG_WARN_EMPTY_BODY = YES;
				CLANG_WARN_ENUM_CONVERSION = YES;
				CLANG_WARN_INFINITE_RECURSION = YES;
				CLANG_WARN_INT_CONVERSION = YES;
				CLANG_WARN_NON_LITERAL_NULL_CONVERSION = YES;
				CLANG_WARN_OBJC_IMPLICIT_RETAIN_SELF = YES;
				CLANG_WARN_OBJC_LITERAL_CONVERSION = YES;
				CLANG_WARN_OBJC_ROOT_CLASS = YES_ERROR;
				CLANG_WARN_RANGE_LOOP_ANALYSIS = YES;
				CLANG_WARN_STRICT_PROTOTYPES = YES;
				CLANG_WARN_SUSPICIOUS_MOVE = YES;
				CLANG_WARN_UNGUARDED_AVAILABILITY = YES_AGGRESSIVE;
				CLANG_WARN_UNREACHABLE_CODE = YES;
				CLANG_WARN__DUPLICATE_METHOD_MATCH = YES;
				CODE_SIGN_IDENTITY = "iPhone Developer";
				COPY_PHASE_STRIP = NO;
				DEBUG_INFORMATION_FORMAT = dwarf;
				ENABLE_STRICT_OBJC_MSGSEND = YES;
				ENABLE_TESTABILITY = YES;
				GCC_C_LANGUAGE_STANDARD = gnu11;
				GCC_DYNAMIC_NO_PIC = NO;
				GCC_NO_COMMON_BLOCKS = YES;
				GCC_OPTIMIZATION_LEVEL = 0;
				GCC_PREPROCESSOR_DEFINITIONS = (
					"DEBUG=1",
					"$(inherited)",
				);
				GCC_WARN_64_TO_32_BIT_CONVERSION = YES;
				GCC_WARN_ABOUT_RETURN_TYPE = YES_ERROR;
				GCC_WARN_UNDECLARED_SELECTOR = YES;
				GCC_WARN_UNINITIALIZED_AUTOS = YES_AGGRESSIVE;
				GCC_WARN_UNUSED_FUNCTION = YES;
				GCC_WARN_UNUSED_VARIABLE = YES;
				IPHONEOS_DEPLOYMENT_TARGET = 12.2;
				MTL_ENABLE_DEBUG_INFO = INCLUDE_SOURCE;
				MTL_FAST_MATH = YES;
				ONLY_ACTIVE_ARCH = YES;
				SDKROOT = iphoneos;
				SWIFT_ACTIVE_COMPILATION_CONDITIONS = DEBUG;
				SWIFT_OPTIMIZATION_LEVEL = "-Onone";
			};
			name = Debug;
		};
		5A49143423CEC53C003B794A /* Release */ = {
			isa = XCBuildConfiguration;
			buildSettings = {
				ALWAYS_SEARCH_USER_PATHS = NO;
				CLANG_ANALYZER_NONNULL = YES;
				CLANG_ANALYZER_NUMBER_OBJECT_CONVERSION = YES_AGGRESSIVE;
				CLANG_CXX_LANGUAGE_STANDARD = "gnu++14";
				CLANG_CXX_LIBRARY = "libc++";
				CLANG_ENABLE_MODULES = YES;
				CLANG_ENABLE_OBJC_ARC = YES;
				CLANG_ENABLE_OBJC_WEAK = YES;
				CLANG_WARN_BLOCK_CAPTURE_AUTORELEASING = YES;
				CLANG_WARN_BOOL_CONVERSION = YES;
				CLANG_WARN_COMMA = YES;
				CLANG_WARN_CONSTANT_CONVERSION = YES;
				CLANG_WARN_DEPRECATED_OBJC_IMPLEMENTATIONS = YES;
				CLANG_WARN_DIRECT_OBJC_ISA_USAGE = YES_ERROR;
				CLANG_WARN_DOCUMENTATION_COMMENTS = YES;
				CLANG_WARN_EMPTY_BODY = YES;
				CLANG_WARN_ENUM_CONVERSION = YES;
				CLANG_WARN_INFINITE_RECURSION = YES;
				CLANG_WARN_INT_CONVERSION = YES;
				CLANG_WARN_NON_LITERAL_NULL_CONVERSION = YES;
				CLANG_WARN_OBJC_IMPLICIT_RETAIN_SELF = YES;
				CLANG_WARN_OBJC_LITERAL_CONVERSION = YES;
				CLANG_WARN_OBJC_ROOT_CLASS = YES_ERROR;
				CLANG_WARN_RANGE_LOOP_ANALYSIS = YES;
				CLANG_WARN_STRICT_PROTOTYPES = YES;
				CLANG_WARN_SUSPICIOUS_MOVE = YES;
				CLANG_WARN_UNGUARDED_AVAILABILITY = YES_AGGRESSIVE;
				CLANG_WARN_UNREACHABLE_CODE = YES;
				CLANG_WARN__DUPLICATE_METHOD_MATCH = YES;
				CODE_SIGN_IDENTITY = "iPhone Developer";
				COPY_PHASE_STRIP = NO;
				DEBUG_INFORMATION_FORMAT = "dwarf-with-dsym";
				ENABLE_NS_ASSERTIONS = NO;
				ENABLE_STRICT_OBJC_MSGSEND = YES;
				GCC_C_LANGUAGE_STANDARD = gnu11;
				GCC_NO_COMMON_BLOCKS = YES;
				GCC_WARN_64_TO_32_BIT_CONVERSION = YES;
				GCC_WARN_ABOUT_RETURN_TYPE = YES_ERROR;
				GCC_WARN_UNDECLARED_SELECTOR = YES;
				GCC_WARN_UNINITIALIZED_AUTOS = YES_AGGRESSIVE;
				GCC_WARN_UNUSED_FUNCTION = YES;
				GCC_WARN_UNUSED_VARIABLE = YES;
				IPHONEOS_DEPLOYMENT_TARGET = 12.2;
				MTL_ENABLE_DEBUG_INFO = NO;
				MTL_FAST_MATH = YES;
				SDKROOT = iphoneos;
				SWIFT_COMPILATION_MODE = wholemodule;
				SWIFT_OPTIMIZATION_LEVEL = "-O";
				VALIDATE_PRODUCT = YES;
			};
			name = Release;
		};
		5A49143623CEC53C003B794A /* Debug */ = {
			isa = XCBuildConfiguration;
			baseConfigurationReference = 36F24031D7EE9A56F9B5A04B /* Pods-TestPicturesYandex.debug.xcconfig */;
			buildSettings = {
				ASSETCATALOG_COMPILER_APPICON_NAME = AppIcon;
				CODE_SIGN_STYLE = Automatic;
				DEVELOPMENT_TEAM = Z8HPQWD7MN;
				INFOPLIST_FILE = TestPicturesYandex/Info.plist;
				LD_RUNPATH_SEARCH_PATHS = (
					"$(inherited)",
					"@executable_path/Frameworks",
				);
				PRODUCT_BUNDLE_IDENTIFIER = Vadim.TestPicturesYandex;
				PRODUCT_NAME = "$(TARGET_NAME)";
				SWIFT_VERSION = 5.0;
				TARGETED_DEVICE_FAMILY = "1,2";
			};
			name = Debug;
		};
		5A49143723CEC53C003B794A /* Release */ = {
			isa = XCBuildConfiguration;
			baseConfigurationReference = 7F1714BC6C5E907CB81FDF86 /* Pods-TestPicturesYandex.release.xcconfig */;
			buildSettings = {
				ASSETCATALOG_COMPILER_APPICON_NAME = AppIcon;
				CODE_SIGN_STYLE = Automatic;
				DEVELOPMENT_TEAM = Z8HPQWD7MN;
				INFOPLIST_FILE = TestPicturesYandex/Info.plist;
				LD_RUNPATH_SEARCH_PATHS = (
					"$(inherited)",
					"@executable_path/Frameworks",
				);
				PRODUCT_BUNDLE_IDENTIFIER = Vadim.TestPicturesYandex;
				PRODUCT_NAME = "$(TARGET_NAME)";
				SWIFT_VERSION = 5.0;
				TARGETED_DEVICE_FAMILY = "1,2";
			};
			name = Release;
		};
/* End XCBuildConfiguration section */

/* Begin XCConfigurationList section */
		5A49141E23CEC539003B794A /* Build configuration list for PBXProject "TestPicturesYandex" */ = {
			isa = XCConfigurationList;
			buildConfigurations = (
				5A49143323CEC53C003B794A /* Debug */,
				5A49143423CEC53C003B794A /* Release */,
			);
			defaultConfigurationIsVisible = 0;
			defaultConfigurationName = Release;
		};
		5A49143523CEC53C003B794A /* Build configuration list for PBXNativeTarget "TestPicturesYandex" */ = {
			isa = XCConfigurationList;
			buildConfigurations = (
				5A49143623CEC53C003B794A /* Debug */,
				5A49143723CEC53C003B794A /* Release */,
			);
			defaultConfigurationIsVisible = 0;
			defaultConfigurationName = Release;
		};
/* End XCConfigurationList section */
	};
	rootObject = 5A49141B23CEC539003B794A /* Project object */;
}
